
Microsoft Visual Studio Solution File, Format Version 12.00
# Visual Studio Version 17
VisualStudioVersion = 17.12.35707.178 d17.12
MinimumVisualStudioVersion = 10.0.40219.1
Project("{FAE04EC0-301F-11D3-BF4B-00C04F79EFBC}") = "TaskManager", "TaskManager.csproj", "{4D1CC1D3-F830-4877-8B6F-6D45E64843BD}"
EndProject
Project("{FAE04EC0-301F-11D3-BF4B-00C04F79EFBC}") = "TaskManager.Data", "..\TaskManager.Data\TaskManager.Data.csproj", "{93B460B8-A16C-4B40-8CAE-90DE1667DCCE}"
EndProject
Project("{FAE04EC0-301F-11D3-BF4B-00C04F79EFBC}") = "TaskManager.Models", "..\TaskManager.Models\TaskManager.Models.csproj", "{BC4EB9E1-C7A1-438B-9439-AFF7DE62A057}"
EndProject
Project("{FAE04EC0-301F-11D3-BF4B-00C04F79EFBC}") = "TaskManager.Service", "..\TaskManager.Service\TaskManager.Service.csproj", "{B6124D0E-59FF-43DC-BDFB-DDFDFCCAD931}"
EndProject
Global
	GlobalSection(SolutionConfigurationPlatforms) = preSolution
		Debug|Any CPU = Debug|Any CPU
		Release|Any CPU = Release|Any CPU
	EndGlobalSection
	GlobalSection(ProjectConfigurationPlatforms) = postSolution
		{4D1CC1D3-F830-4877-8B6F-6D45E64843BD}.Debug|Any CPU.ActiveCfg = Debug|Any CPU
		{4D1CC1D3-F830-4877-8B6F-6D45E64843BD}.Debug|Any CPU.Build.0 = Debug|Any CPU
		{4D1CC1D3-F830-4877-8B6F-6D45E64843BD}.Release|Any CPU.ActiveCfg = Release|Any CPU
		{4D1CC1D3-F830-4877-8B6F-6D45E64843BD}.Release|Any CPU.Build.0 = Release|Any CPU
		{93B460B8-A16C-4B40-8CAE-90DE1667DCCE}.Debug|Any CPU.ActiveCfg = Debug|Any CPU
		{93B460B8-A16C-4B40-8CAE-90DE1667DCCE}.Debug|Any CPU.Build.0 = Debug|Any CPU
		{93B460B8-A16C-4B40-8CAE-90DE1667DCCE}.Release|Any CPU.ActiveCfg = Release|Any CPU
		{93B460B8-A16C-4B40-8CAE-90DE1667DCCE}.Release|Any CPU.Build.0 = Release|Any CPU
		{BC4EB9E1-C7A1-438B-9439-AFF7DE62A057}.Debug|Any CPU.ActiveCfg = Debug|Any CPU
		{BC4EB9E1-C7A1-438B-9439-AFF7DE62A057}.Debug|Any CPU.Build.0 = Debug|Any CPU
		{BC4EB9E1-C7A1-438B-9439-AFF7DE62A057}.Release|Any CPU.ActiveCfg = Release|Any CPU
		{BC4EB9E1-C7A1-438B-9439-AFF7DE62A057}.Release|Any CPU.Build.0 = Release|Any CPU
		{B6124D0E-59FF-43DC-BDFB-DDFDFCCAD931}.Debug|Any CPU.ActiveCfg = Debug|Any CPU
		{B6124D0E-59FF-43DC-BDFB-DDFDFCCAD931}.Debug|Any CPU.Build.0 = Debug|Any CPU
		{B6124D0E-59FF-43DC-BDFB-DDFDFCCAD931}.Release|Any CPU.ActiveCfg = Release|Any CPU
		{B6124D0E-59FF-43DC-BDFB-DDFDFCCAD931}.Release|Any CPU.Build.0 = Release|Any CPU
	EndGlobalSection
	GlobalSection(SolutionProperties) = preSolution
		HideSolutionNode = FALSE
	EndGlobalSection
EndGlobal
